
Microsoft Visual Studio Solution File, Format Version 12.00
# Visual Studio Version 17
VisualStudioVersion = 17.7.34031.279
MinimumVisualStudioVersion = 10.0.40219.1
Project("{8BC9CEB8-8B4A-11D0-8D11-00A0C91BC942}") = "Projeto_Final_Programacao_Paralela", "Projeto_Final_Programacao_Paralela.vcxproj", "{58AF0F4A-2F9F-454E-A89A-46E9BEDE5941}"
EndProject
Global
	GlobalSection(SolutionConfigurationPlatforms) = preSolution
		Debug|x64 = Debug|x64
		Debug|x86 = Debug|x86
		Release|x64 = Release|x64
		Release|x86 = Release|x86
	EndGlobalSection
	GlobalSection(ProjectConfigurationPlatforms) = postSolution
		{58AF0F4A-2F9F-454E-A89A-46E9BEDE5941}.Debug|x64.ActiveCfg = Debug|x64
		{58AF0F4A-2F9F-454E-A89A-46E9BEDE5941}.Debug|x64.Build.0 = Debug|x64
		{58AF0F4A-2F9F-454E-A89A-46E9BEDE5941}.Debug|x86.ActiveCfg = Debug|Win32
		{58AF0F4A-2F9F-454E-A89A-46E9BEDE5941}.Debug|x86.Build.0 = Debug|Win32
		{58AF0F4A-2F9F-454E-A89A-46E9BEDE5941}.Release|x64.ActiveCfg = Release|x64
		{58AF0F4A-2F9F-454E-A89A-46E9BEDE5941}.Release|x64.Build.0 = Release|x64
		{58AF0F4A-2F9F-454E-A89A-46E9BEDE5941}.Release|x86.ActiveCfg = Release|Win32
		{58AF0F4A-2F9F-454E-A89A-46E9BEDE5941}.Release|x86.Build.0 = Release|Win32
	EndGlobalSection
	GlobalSection(SolutionProperties) = preSolution
		HideSolutionNode = FALSE
	EndGlobalSection
	GlobalSection(ExtensibilityGlobals) = postSolution
		SolutionGuid = {414D0C21-ECCB-48C6-9379-60D13F8C30FE}
	EndGlobalSection
EndGlobal
